<?xml version="1.0" encoding="utf-8"?>
<Project ToolsVersion="4.0" xmlns="http://schemas.microsoft.com/developer/msbuild/2003">
  <ItemGroup>
    <ClCompile Include="Mainly.cpp">
      <Filter>source</Filter>
    </ClCompile>
    <ClCompile Include="App.cpp">
      <Filter>source</Filter>
    </ClCompile>
  </ItemGroup>
  <ItemGroup>
    <ClInclude Include="Define.h">
      <Filter>Header</Filter>
    </ClInclude>
    <ClInclude Include="resource.h">
      <Filter>resources</Filter>
    </ClInclude>
    <ClInclude Include="App.h">
      <Filter>Header</Filter>
    </ClInclude>
  </ItemGroup>
  <ItemGroup>
    <Filter Include="includedstuff">
      <UniqueIdentifier>{f6ba5387-ca60-4755-ad38-432e44968293}</UniqueIdentifier>
    </Filter>
    <Filter Include="Header">
      <UniqueIdentifier>{94bc08f6-a008-42b4-a869-f8c16ea246ef}</UniqueIdentifier>
    </Filter>
    <Filter Include="resources">
      <UniqueIdentifier>{75335201-fb55-4814-9a76-f793a536168a}</UniqueIdentifier>
    </Filter>
    <Filter Include="source">
      <UniqueIdentifier>{19ac6fc1-438c-4024-a61a-1deaf4cb4e01}</UniqueIdentifier>
    </Filter>
  </ItemGroup>
  <ItemGroup>
    <ResourceCompile Include="Main_Res.rc">
      <Filter>resources</Filter>
    </ResourceCompile>
  </ItemGroup>
</Project>