<?xml version="1.0" encoding="utf-8"?>
<Project ToolsVersion="4.0" xmlns="http://schemas.microsoft.com/developer/msbuild/2003">
  <ItemGroup>
    <Filter Include="common">
      <UniqueIdentifier>{f0aca013-845c-431c-bc7d-f0ba8b6d9d37}</UniqueIdentifier>
    </Filter>
    <Filter Include="math">
      <UniqueIdentifier>{56362db6-aed5-4183-9475-77739bf62e92}</UniqueIdentifier>
    </Filter>
    <Filter Include="utility">
      <UniqueIdentifier>{0dddc093-9303-4a36-b39a-200619754265}</UniqueIdentifier>
    </Filter>
    <Filter Include="core">
      <UniqueIdentifier>{e8e912b5-babd-4dc1-943f-0d3cadf4b81c}</UniqueIdentifier>
    </Filter>
    <Filter Include="Geometry">
      <UniqueIdentifier>{27e665f8-6355-4df7-9b6b-ae8025b60698}</UniqueIdentifier>
    </Filter>
    <Filter Include="events">
      <UniqueIdentifier>{24a4c627-3f91-4c67-9d24-69d79ba5c5db}</UniqueIdentifier>
    </Filter>
    <Filter Include="objects">
      <UniqueIdentifier>{7cc855bc-da07-4359-bd34-e6a828a95cdc}</UniqueIdentifier>
    </Filter>
    <Filter Include="application">
      <UniqueIdentifier>{f3044376-3190-4ad8-baf3-e6587ead032f}</UniqueIdentifier>
    </Filter>
    <Filter Include="rendering">
      <UniqueIdentifier>{ca2cb6fa-6bc2-4923-83b0-0bb40e166cf6}</UniqueIdentifier>
    </Filter>
    <Filter Include="rendering\shaders">
      <UniqueIdentifier>{f62db856-cda2-431d-98c9-0c8c140ccdf0}</UniqueIdentifier>
    </Filter>
    <Filter Include="rendering\text">
      <UniqueIdentifier>{187d0487-c45a-4061-bc5e-25317ac93e13}</UniqueIdentifier>
    </Filter>
    <Filter Include="Sound">
      <UniqueIdentifier>{daad56f5-1e48-49b2-a0d8-c47194619bf7}</UniqueIdentifier>
    </Filter>
    <Filter Include="gui">
      <UniqueIdentifier>{20d9320c-ea89-4839-9498-7a9453da8f92}</UniqueIdentifier>
    </Filter>
    <Filter Include="gui\bases">
      <UniqueIdentifier>{58c2c35f-3f13-438a-9a99-8931fdb3291d}</UniqueIdentifier>
    </Filter>
    <Filter Include="gui\components">
      <UniqueIdentifier>{cba20f87-e87d-499f-b09f-6476dc159ea0}</UniqueIdentifier>
    </Filter>
    <Filter Include="Script">
      <UniqueIdentifier>{f63612db-a93c-4029-8e69-05337c6fe7de}</UniqueIdentifier>
    </Filter>
    <Filter Include="gui\components\Label">
      <UniqueIdentifier>{b7d6167e-5bac-45a8-80e5-876f589a4368}</UniqueIdentifier>
    </Filter>
    <Filter Include="Script\AngelAddons">
      <UniqueIdentifier>{b0ea0c4b-4cca-4f8e-9cea-6974f0df59fd}</UniqueIdentifier>
    </Filter>
    <Filter Include="rendering\render objects">
      <UniqueIdentifier>{80237cee-ef3e-4ea9-bfad-5662f309fdbb}</UniqueIdentifier>
    </Filter>
    <Filter Include="rendering\data objects">
      <UniqueIdentifier>{eede6a01-f1de-41bd-80e6-f0f5765fedc5}</UniqueIdentifier>
    </Filter>
    <Filter Include="rendering\textures">
      <UniqueIdentifier>{ab12e3a5-6df6-4880-b9e3-aa2c26b64bfd}</UniqueIdentifier>
    </Filter>
    <Filter Include="objects\bases">
      <UniqueIdentifier>{985c7014-435b-4870-90f0-d419dc564698}</UniqueIdentifier>
    </Filter>
    <Filter Include="objects\ncomponents">
      <UniqueIdentifier>{625444c5-0631-44e5-ba82-779b5d2f00d7}</UniqueIdentifier>
    </Filter>
    <Filter Include="core\managers">
      <UniqueIdentifier>{722394e2-87a7-41e0-987c-03eb0101f731}</UniqueIdentifier>
    </Filter>
    <Filter Include="core\threading">
      <UniqueIdentifier>{58ad768f-eab2-4872-9529-923f159cf205}</UniqueIdentifier>
    </Filter>
    <Filter Include="core\helpers">
      <UniqueIdentifier>{20c1095c-c283-48c0-845d-b3fa1544e234}</UniqueIdentifier>
    </Filter>
    <Filter Include="utility\ObjectFiles">
      <UniqueIdentifier>{5bb3b429-d54a-40f8-9f93-f028811102b4}</UniqueIdentifier>
    </Filter>
    <Filter Include="core\statistics">
      <UniqueIdentifier>{e7e86752-1f82-42f4-b1b7-c8a0fb1f6f18}</UniqueIdentifier>
    </Filter>
    <Filter Include="core\Loading">
      <UniqueIdentifier>{f3cba286-b2f0-4a42-8c9e-6c5ec0124da9}</UniqueIdentifier>
    </Filter>
    <Filter Include="objects\ModelObject">
      <UniqueIdentifier>{2bc431d9-35ab-4979-828a-88c35ee8a47e}</UniqueIdentifier>
    </Filter>
    <Filter Include="objects\Internal data">
      <UniqueIdentifier>{e91cb1ee-5fa1-4460-95bd-9f7a82c82bcd}</UniqueIdentifier>
    </Filter>
    <Filter Include="rendering\datatypes">
      <UniqueIdentifier>{6b546222-81de-42a8-a301-dfc5ba281e4e}</UniqueIdentifier>
    </Filter>
    <Filter Include="common\debugging">
      <UniqueIdentifier>{8ccad782-1783-4451-9470-378aa2318302}</UniqueIdentifier>
    </Filter>
    <Filter Include="objects\Skeleton">
      <UniqueIdentifier>{74a27de1-5f95-44e1-b2b0-8a1019f77337}</UniqueIdentifier>
    </Filter>
    <Filter Include="common\Exceptions">
      <UniqueIdentifier>{5bbea59e-9f4a-41c5-9c33-e6b847260c51}</UniqueIdentifier>
    </Filter>
    <Filter Include="animation">
      <UniqueIdentifier>{9fb6bb90-f8ad-4558-a497-0d6b4e16c6ce}</UniqueIdentifier>
    </Filter>
    <Filter Include="math\Types">
      <UniqueIdentifier>{aa039031-d579-4101-80fb-7b419a586002}</UniqueIdentifier>
    </Filter>
    <Filter Include="math\Encryption">
      <UniqueIdentifier>{dc6e2295-d4af-4395-9bec-d741a28ef383}</UniqueIdentifier>
    </Filter>
    <Filter Include="Ozz">
      <UniqueIdentifier>{87514697-c737-483d-a4e6-3f5f09400970}</UniqueIdentifier>
    </Filter>
    <Filter Include="tinyxml2">
      <UniqueIdentifier>{718caef5-46be-457f-a1fb-bcdee43c8b1c}</UniqueIdentifier>
    </Filter>
  </ItemGroup>
  <ItemGroup>
    <ClCompile Include="Engine.cpp">
      <Filter>core</Filter>
    </ClCompile>
    <ClCompile Include="Window.cpp">
      <Filter>core</Filter>
    </ClCompile>
    <ClCompile Include="Misc.cpp">
      <Filter>common</Filter>
    </ClCompile>
    <ClCompile Include="Convert.cpp">
      <Filter>utility</Filter>
    </ClCompile>
    <ClCompile Include="Timer.cpp">
      <Filter>utility</Filter>
    </ClCompile>
    <ClCompile Include="FileSystem.cpp">
      <Filter>utility</Filter>
    </ClCompile>
    <ClCompile Include="Application.cpp">
      <Filter>application</Filter>
    </ClCompile>
    <ClCompile Include="AppDefine.cpp">
      <Filter>application</Filter>
    </ClCompile>
    <ClCompile Include="Math\CommonMath.cpp">
      <Filter>math</Filter>
    </ClCompile>
    <ClCompile Include="Rendering\3DRenderer.cpp">
      <Filter>rendering</Filter>
    </ClCompile>
    <ClCompile Include="Rendering\Graphics.cpp">
      <Filter>rendering</Filter>
    </ClCompile>
    <ClCompile Include="Rendering\BumpShader.cpp">
      <Filter>rendering\shaders</Filter>
    </ClCompile>
    <ClCompile Include="Rendering\TextureShader.cpp">
      <Filter>rendering\shaders</Filter>
    </ClCompile>
    <ClCompile Include="Rendering\ShaderManager.cpp">
      <Filter>rendering\shaders</Filter>
    </ClCompile>
    <ClCompile Include="Rendering\LightShader.cpp">
      <Filter>rendering\shaders</Filter>
    </ClCompile>
    <ClCompile Include="Rendering\MultTextureShader.cpp">
      <Filter>rendering\shaders</Filter>
    </ClCompile>
    <ClCompile Include="Rendering\FontShader.cpp">
      <Filter>rendering\text</Filter>
    </ClCompile>
    <ClCompile Include="Rendering\TextRenderer.cpp">
      <Filter>rendering\text</Filter>
    </ClCompile>
    <ClCompile Include="Input.cpp">
      <Filter>core</Filter>
    </ClCompile>
    <ClCompile Include="SoundDevice.cpp">
      <Filter>Sound</Filter>
    </ClCompile>
    <ClCompile Include="SoundStreamThread.cpp">
      <Filter>Sound</Filter>
    </ClCompile>
    <ClCompile Include="FileHelper.cpp">
      <Filter>Sound</Filter>
    </ClCompile>
    <ClCompile Include="FpsCounter.cpp">
      <Filter>utility</Filter>
    </ClCompile>
    <ClCompile Include="DataStore.cpp">
      <Filter>application</Filter>
    </ClCompile>
    <ClCompile Include="GuiManager.cpp">
      <Filter>gui</Filter>
    </ClCompile>
    <ClCompile Include="Rendering\ColorGradientShader.cpp">
      <Filter>rendering\shaders</Filter>
    </ClCompile>
    <ClCompile Include="CameraPos.cpp">
      <Filter>objects</Filter>
    </ClCompile>
    <ClCompile Include="EventHandler.cpp">
      <Filter>events</Filter>
    </ClCompile>
    <ClCompile Include="Event.cpp">
      <Filter>events</Filter>
    </ClCompile>
    <ClCompile Include="CallableObject.cpp">
      <Filter>events</Filter>
    </ClCompile>
    <ClCompile Include="GuiKeyListener.cpp">
      <Filter>gui</Filter>
    </ClCompile>
    <ClCompile Include="GuiAnimation.cpp">
      <Filter>gui</Filter>
    </ClCompile>
    <ClCompile Include="AnimateableGui.cpp">
      <Filter>gui\bases</Filter>
    </ClCompile>
    <ClCompile Include="BaseGuiObject.cpp">
      <Filter>gui\bases</Filter>
    </ClCompile>
    <ClCompile Include="EventableGui.cpp">
      <Filter>gui\bases</Filter>
    </ClCompile>
    <ClCompile Include="RenderableGuiObject.cpp">
      <Filter>gui\bases</Filter>
    </ClCompile>
    <ClCompile Include="ScriptInterface.cpp">
      <Filter>Script</Filter>
    </ClCompile>
    <ClCompile Include="ScriptObject.cpp">
      <Filter>Script</Filter>
    </ClCompile>
    <ClCompile Include="ScriptList.cpp">
      <Filter>Script</Filter>
    </ClCompile>
    <ClCompile Include="ScriptScript.cpp">
      <Filter>Script</Filter>
    </ClCompile>
    <ClCompile Include="ScriptVariableHolder.cpp">
      <Filter>Script</Filter>
    </ClCompile>
    <ClCompile Include="ScriptVariable.cpp">
      <Filter>Script</Filter>
    </ClCompile>
    <ClCompile Include="ScriptCaller.cpp">
      <Filter>Script</Filter>
    </ClCompile>
    <ClCompile Include="ScriptArguement.cpp">
      <Filter>Script</Filter>
    </ClCompile>
    <ClCompile Include="ScriptException.cpp">
      <Filter>Script</Filter>
    </ClCompile>
    <ClCompile Include="ScriptExecutor.cpp">
      <Filter>Script</Filter>
    </ClCompile>
    <ClCompile Include="Key.cpp">
      <Filter>utility</Filter>
    </ClCompile>
    <ClCompile Include="TextLabel.cpp">
      <Filter>gui\components\Label</Filter>
    </ClCompile>
    <ClCompile Include="DataBlock.cpp">
      <Filter>utility</Filter>
    </ClCompile>
    <ClCompile Include="DDsHandler.cpp">
      <Filter>utility</Filter>
    </ClCompile>
    <ClCompile Include="..\AngelScript\add_on\scriptstdstring\scriptstdstring.cpp">
      <Filter>Script\AngelAddons</Filter>
    </ClCompile>
    <ClCompile Include="..\AngelScript\add_on\scriptstdstring\scriptstdstring_utils.cpp">
      <Filter>Script\AngelAddons</Filter>
    </ClCompile>
    <ClCompile Include="..\AngelScript\add_on\scriptarray\scriptarray.cpp">
      <Filter>Script\AngelAddons</Filter>
    </ClCompile>
    <ClCompile Include="GuiScriptInterface.cpp">
      <Filter>gui</Filter>
    </ClCompile>
    <ClCompile Include="RenderBridge.cpp">
      <Filter>gui</Filter>
    </ClCompile>
    <ClCompile Include="Define.cpp">
      <Filter>common</Filter>
    </ClCompile>
    <ClCompile Include="Rendering\Bitmap.cpp">
      <Filter>rendering\render objects</Filter>
    </ClCompile>
    <ClCompile Include="Rendering\Camera.cpp">
      <Filter>rendering\render objects</Filter>
    </ClCompile>
    <ClCompile Include="Rendering\ColorQuad.cpp">
      <Filter>rendering\render objects</Filter>
    </ClCompile>
    <ClCompile Include="Rendering\Frustrum.cpp">
      <Filter>rendering\render objects</Filter>
    </ClCompile>
    <ClCompile Include="Rendering\Light.cpp">
      <Filter>rendering\render objects</Filter>
    </ClCompile>
    <ClCompile Include="Rendering\RenderSavedResource.cpp">
      <Filter>rendering\data objects</Filter>
    </ClCompile>
    <ClCompile Include="RenderAction.cpp">
      <Filter>rendering\data objects</Filter>
    </ClCompile>
    <ClCompile Include="Rendering\GuiRendBlob.cpp">
      <Filter>rendering\data objects</Filter>
    </ClCompile>
    <ClCompile Include="Rendering\TextureArray.cpp">
      <Filter>rendering\textures</Filter>
    </ClCompile>
    <ClCompile Include="Rendering\ManagedTexture.cpp">
      <Filter>rendering\textures</Filter>
    </ClCompile>
    <ClCompile Include="Rendering\TextureManager.cpp">
      <Filter>rendering\textures</Filter>
    </ClCompile>
    <ClCompile Include="Rendering\TexturePointer.cpp">
      <Filter>rendering\textures</Filter>
    </ClCompile>
    <ClCompile Include="TextureGenerator.cpp">
      <Filter>rendering\textures</Filter>
    </ClCompile>
    <ClCompile Include="BaseInitializable.cpp">
      <Filter>objects\bases</Filter>
    </ClCompile>
    <ClCompile Include="BaseObject.cpp">
      <Filter>objects\bases</Filter>
    </ClCompile>
    <ClCompile Include="BasePositionable.cpp">
      <Filter>objects\bases</Filter>
    </ClCompile>
    <ClCompile Include="BaseRenderable.cpp">
      <Filter>objects\bases</Filter>
    </ClCompile>
    <ClCompile Include="BaseTickable.cpp">
      <Filter>objects\bases</Filter>
    </ClCompile>
    <ClCompile Include="SmoothedPosition.cpp">
      <Filter>objects\ncomponents</Filter>
    </ClCompile>
    <ClCompile Include="KeyPressManager.cpp">
      <Filter>core\managers</Filter>
    </ClCompile>
    <ClCompile Include="ObjectManager.cpp">
      <Filter>core\managers</Filter>
    </ClCompile>
    <ClCompile Include="IDFactory.cpp">
      <Filter>core\helpers</Filter>
    </ClCompile>
    <ClCompile Include="Logger.cpp">
      <Filter>core\helpers</Filter>
    </ClCompile>
    <ClCompile Include="MultiFlag.cpp">
      <Filter>core\helpers</Filter>
    </ClCompile>
    <ClCompile Include="NamedVars.cpp">
      <Filter>core\helpers</Filter>
    </ClCompile>
    <ClCompile Include="Types.cpp">
      <Filter>core\helpers</Filter>
    </ClCompile>
    <ClCompile Include="MD5Generator.cpp">
      <Filter>utility</Filter>
    </ClCompile>
    <ClCompile Include="BaseScalable.cpp">
      <Filter>objects\bases</Filter>
    </ClCompile>
    <ClCompile Include="ObjectFileProcessor.cpp">
      <Filter>utility\ObjectFiles</Filter>
    </ClCompile>
    <ClCompile Include="ObjectFileList.cpp">
      <Filter>utility\ObjectFiles</Filter>
    </ClCompile>
    <ClCompile Include="ObjectFileObject.cpp">
      <Filter>utility\ObjectFiles</Filter>
    </ClCompile>
    <ClCompile Include="ResolutionScaling.cpp">
      <Filter>utility</Filter>
    </ClCompile>
    <ClCompile Include="Random.cpp">
      <Filter>utility</Filter>
    </ClCompile>
    <ClCompile Include="AutoUpdateable.cpp">
      <Filter>application</Filter>
    </ClCompile>
    <ClCompile Include="TimingMonitor.cpp">
      <Filter>core\statistics</Filter>
    </ClCompile>
    <ClCompile Include="RenderingStatistics.cpp">
      <Filter>core\statistics</Filter>
    </ClCompile>
    <ClCompile Include="ObjectFileTextBlock.cpp">
      <Filter>utility\ObjectFiles</Filter>
    </ClCompile>
    <ClCompile Include="ObjectLoader.cpp">
      <Filter>core\Loading</Filter>
    </ClCompile>
    <ClCompile Include="GeometryAdvancedLoader.cpp">
      <Filter>core\Loading</Filter>
    </ClCompile>
    <ClCompile Include="ModelObject.cpp">
      <Filter>objects\ModelObject</Filter>
    </ClCompile>
    <ClCompile Include="BaseModelDataObject.cpp">
      <Filter>objects\ModelObject</Filter>
    </ClCompile>
    <ClCompile Include="NormalModelData.cpp">
      <Filter>objects\ModelObject</Filter>
    </ClCompile>
    <ClCompile Include="BumpModelData.cpp">
      <Filter>objects\ModelObject</Filter>
    </ClCompile>
    <ClCompile Include="LineTokenizer.cpp">
      <Filter>utility\ObjectFiles</Filter>
    </ClCompile>
    <ClCompile Include="TriangulateDelaunay.cpp">
      <Filter>math</Filter>
    </ClCompile>
    <ClCompile Include="RayTracing.cpp">
      <Filter>math</Filter>
    </ClCompile>
    <ClCompile Include="TextureDefinition.cpp">
      <Filter>objects\Internal data</Filter>
    </ClCompile>
    <ClCompile Include="Rendering\ShaderDataTypes.cpp">
      <Filter>rendering\datatypes</Filter>
    </ClCompile>
    <ClCompile Include="Token.cpp">
      <Filter>core\helpers</Filter>
    </ClCompile>
    <ClCompile Include="Rendering\RenderingPassInfo.cpp">
      <Filter>rendering</Filter>
    </ClCompile>
    <ClCompile Include="ComplainOnce.cpp">
      <Filter>core\helpers</Filter>
    </ClCompile>
    <ClCompile Include="Rendering\SkinnedShader.cpp">
      <Filter>rendering\shaders</Filter>
    </ClCompile>
    <ClCompile Include="SkeletonRig.cpp">
      <Filter>objects\Skeleton</Filter>
    </ClCompile>
    <ClCompile Include="WstringIterator.cpp">
      <Filter>utility</Filter>
    </ClCompile>
    <ClCompile Include="ExceptionBase.cpp">
      <Filter>common\Exceptions</Filter>
    </ClCompile>
    <ClCompile Include="ExceptionNULLPtr.cpp">
      <Filter>common\Exceptions</Filter>
    </ClCompile>
    <ClCompile Include="IteratorData.cpp">
      <Filter>utility</Filter>
    </ClCompile>
    <ClCompile Include="OutOfMemoryHandler.cpp">
      <Filter>core\managers</Filter>
    </ClCompile>
    <ClCompile Include="AnimationMasterBlock.cpp">
      <Filter>animation</Filter>
    </ClCompile>
    <ClCompile Include="AnimationManager.cpp">
      <Filter>animation</Filter>
    </ClCompile>
    <ClCompile Include="LoadedAnimation.cpp">
      <Filter>animation</Filter>
    </ClCompile>
    <ClCompile Include="FileReader.cpp">
      <Filter>utility</Filter>
    </ClCompile>
    <ClCompile Include="Rendering\RenderingFont.cpp">
      <Filter>rendering\text</Filter>
    </ClCompile>
    <ClCompile Include="ExceptionInvalidArguement.cpp">
      <Filter>common\Exceptions</Filter>
    </ClCompile>
    <ClCompile Include="FileReaderSimple.cpp">
      <Filter>utility</Filter>
    </ClCompile>
    <ClCompile Include="EuclideanFunctions.cpp">
      <Filter>math</Filter>
    </ClCompile>
    <ClCompile Include="RSAEncryption.cpp">
      <Filter>math\Encryption</Filter>
    </ClCompile>
    <ClCompile Include="SkeletonLoadingBone.cpp">
      <Filter>objects\Skeleton</Filter>
    </ClCompile>
    <ClCompile Include="Ozz\base\io\archive.cc">
      <Filter>Ozz</Filter>
    </ClCompile>
    <ClCompile Include="Ozz\base\io\archive_maths.cc">
      <Filter>Ozz</Filter>
    </ClCompile>
    <ClCompile Include="Ozz\base\io\archive_simd_maths.cc">
      <Filter>Ozz</Filter>
    </ClCompile>
    <ClCompile Include="Ozz\base\io\archive_soa_maths.cc">
      <Filter>Ozz</Filter>
    </ClCompile>
    <ClCompile Include="Ozz\base\io\stream.cc">
      <Filter>Ozz</Filter>
    </ClCompile>
    <ClCompile Include="Ozz\base\log.cc">
      <Filter>Ozz</Filter>
    </ClCompile>
    <ClCompile Include="Ozz\base\maths\box.cc">
      <Filter>Ozz</Filter>
    </ClCompile>
    <ClCompile Include="Ozz\base\memory\allocator.cc">
      <Filter>Ozz</Filter>
    </ClCompile>
    <ClCompile Include="Ozz\options\options.cc">
      <Filter>Ozz</Filter>
    </ClCompile>
    <ClCompile Include="Ozz\animation\animation.cc">
      <Filter>Ozz</Filter>
    </ClCompile>
    <ClCompile Include="Ozz\animation\blending_job.cc">
      <Filter>Ozz</Filter>
    </ClCompile>
    <ClCompile Include="Ozz\animation\local_to_model_job.cc">
      <Filter>Ozz</Filter>
    </ClCompile>
    <ClCompile Include="Ozz\animation\offline\animation_builder.cc">
      <Filter>Ozz</Filter>
    </ClCompile>
    <ClCompile Include="Ozz\animation\offline\animation_optimizer.cc">
      <Filter>Ozz</Filter>
    </ClCompile>
    <ClCompile Include="Ozz\animation\offline\skeleton_builder.cc">
      <Filter>Ozz</Filter>
    </ClCompile>
    <ClCompile Include="Ozz\animation\sampling_job.cc">
      <Filter>Ozz</Filter>
    </ClCompile>
    <ClCompile Include="Ozz\animation\skeleton.cc">
      <Filter>Ozz</Filter>
    </ClCompile>
    <ClCompile Include="Ozz\animation\utils.cc">
      <Filter>Ozz</Filter>
    </ClCompile>
    <ClCompile Include="tinyxml2\tinyxml2.cpp">
      <Filter>tinyxml2</Filter>
    </ClCompile>
  </ItemGroup>
  <ItemGroup>
    <ClInclude Include="Misc.h">
      <Filter>common</Filter>
    </ClInclude>
    <ClInclude Include="Engine.h">
      <Filter>core</Filter>
    </ClInclude>
    <ClInclude Include="Window.h">
      <Filter>core</Filter>
    </ClInclude>
    <ClInclude Include="LeviathanMainDll.h" />
    <ClInclude Include="Convert.h">
      <Filter>utility</Filter>
    </ClInclude>
    <ClInclude Include="Timer.h">
      <Filter>utility</Filter>
    </ClInclude>
    <ClInclude Include="FileSystem.h">
      <Filter>utility</Filter>
    </ClInclude>
    <ClInclude Include="Application.h">
      <Filter>application</Filter>
    </ClInclude>
    <ClInclude Include="AppDefine.h">
      <Filter>application</Filter>
    </ClInclude>
    <ClInclude Include="Math\CommonMath.h">
      <Filter>math</Filter>
    </ClInclude>
    <ClInclude Include="Rendering\3DRenderer.h">
      <Filter>rendering</Filter>
    </ClInclude>
    <ClInclude Include="Rendering\Graphics.h">
      <Filter>rendering</Filter>
    </ClInclude>
    <ClInclude Include="Rendering\BumpShader.h">
      <Filter>rendering\shaders</Filter>
    </ClInclude>
    <ClInclude Include="Rendering\TextureShader.h">
      <Filter>rendering\shaders</Filter>
    </ClInclude>
    <ClInclude Include="Rendering\ShaderManager.h">
      <Filter>rendering\shaders</Filter>
    </ClInclude>
    <ClInclude Include="Rendering\LightShader.h">
      <Filter>rendering\shaders</Filter>
    </ClInclude>
    <ClInclude Include="Rendering\MultTextureShader.h">
      <Filter>rendering\shaders</Filter>
    </ClInclude>
    <ClInclude Include="Rendering\FontShader.h">
      <Filter>rendering\text</Filter>
    </ClInclude>
    <ClInclude Include="Rendering\TextRenderer.h">
      <Filter>rendering\text</Filter>
    </ClInclude>
    <ClInclude Include="Input.h">
      <Filter>core</Filter>
    </ClInclude>
    <ClInclude Include="SoundDevice.h">
      <Filter>Sound</Filter>
    </ClInclude>
    <ClInclude Include="SoundStreamThread.h">
      <Filter>Sound</Filter>
    </ClInclude>
    <ClInclude Include="WaveInfo.h">
      <Filter>Sound</Filter>
    </ClInclude>
    <ClInclude Include="StreamingWave.h">
      <Filter>Sound</Filter>
    </ClInclude>
    <ClInclude Include="FileHelper.h">
      <Filter>Sound</Filter>
    </ClInclude>
    <ClInclude Include="FpsCounter.h">
      <Filter>utility</Filter>
    </ClInclude>
    <ClInclude Include="DataStore.h">
      <Filter>application</Filter>
    </ClInclude>
    <ClInclude Include="GuiManager.h">
      <Filter>gui</Filter>
    </ClInclude>
    <ClInclude Include="Rendering\ColorGradientShader.h">
      <Filter>rendering\shaders</Filter>
    </ClInclude>
    <ClInclude Include="CameraPos.h">
      <Filter>objects</Filter>
    </ClInclude>
    <ClInclude Include="EventHandler.h">
      <Filter>events</Filter>
    </ClInclude>
    <ClInclude Include="Event.h">
      <Filter>events</Filter>
    </ClInclude>
    <ClInclude Include="CallableObject.h">
      <Filter>events</Filter>
    </ClInclude>
    <ClInclude Include="GuiKeyListener.h">
      <Filter>gui</Filter>
    </ClInclude>
    <ClInclude Include="GuiAnimation.h">
      <Filter>gui</Filter>
    </ClInclude>
    <ClInclude Include="AnimateableGui.h">
      <Filter>gui\bases</Filter>
    </ClInclude>
    <ClInclude Include="BaseGuiObject.h">
      <Filter>gui\bases</Filter>
    </ClInclude>
    <ClInclude Include="EventableGui.h">
      <Filter>gui\bases</Filter>
    </ClInclude>
    <ClInclude Include="RenderableGuiObject.h">
      <Filter>gui\bases</Filter>
    </ClInclude>
    <ClInclude Include="ScriptInterface.h">
      <Filter>Script</Filter>
    </ClInclude>
    <ClInclude Include="ScriptObject.h">
      <Filter>Script</Filter>
    </ClInclude>
    <ClInclude Include="ScriptList.h">
      <Filter>Script</Filter>
    </ClInclude>
    <ClInclude Include="ScriptScript.h">
      <Filter>Script</Filter>
    </ClInclude>
    <ClInclude Include="ScriptVariableHolder.h">
      <Filter>Script</Filter>
    </ClInclude>
    <ClInclude Include="ScriptVariable.h">
      <Filter>Script</Filter>
    </ClInclude>
    <ClInclude Include="ScriptCaller.h">
      <Filter>Script</Filter>
    </ClInclude>
    <ClInclude Include="ScriptArguement.h">
      <Filter>Script</Filter>
    </ClInclude>
    <ClInclude Include="ScriptException.h">
      <Filter>Script</Filter>
    </ClInclude>
    <ClInclude Include="ScriptExecutor.h">
      <Filter>Script</Filter>
    </ClInclude>
    <ClInclude Include="Key.h">
      <Filter>utility</Filter>
    </ClInclude>
    <ClInclude Include="TextLabel.h">
      <Filter>gui\components\Label</Filter>
    </ClInclude>
    <ClInclude Include="DataBlock.h">
      <Filter>utility</Filter>
    </ClInclude>
    <ClInclude Include="DDsHandler.h">
      <Filter>utility</Filter>
    </ClInclude>
    <ClInclude Include="AngelScriptCommon.h">
      <Filter>Script</Filter>
    </ClInclude>
    <ClInclude Include="..\AngelScript\add_on\scriptarray\scriptarray.h">
      <Filter>Script\AngelAddons</Filter>
    </ClInclude>
    <ClInclude Include="GuiScriptInterface.h">
      <Filter>gui</Filter>
    </ClInclude>
    <ClInclude Include="GuiScriptBind.h">
      <Filter>gui</Filter>
    </ClInclude>
    <ClInclude Include="RenderBridge.h">
      <Filter>gui</Filter>
    </ClInclude>
    <ClInclude Include="ErrorTypes.h">
      <Filter>common</Filter>
    </ClInclude>
    <ClInclude Include="Define.h">
      <Filter>common</Filter>
    </ClInclude>
    <ClInclude Include="Include.h">
      <Filter>common</Filter>
    </ClInclude>
    <ClInclude Include="Rendering\Bitmap.h">
      <Filter>rendering\render objects</Filter>
    </ClInclude>
    <ClInclude Include="Rendering\Camera.h">
      <Filter>rendering\render objects</Filter>
    </ClInclude>
    <ClInclude Include="Rendering\ColorQuad.h">
      <Filter>rendering\render objects</Filter>
    </ClInclude>
    <ClInclude Include="Rendering\Frustrum.h">
      <Filter>rendering\render objects</Filter>
    </ClInclude>
    <ClInclude Include="Rendering\Light.h">
      <Filter>rendering\render objects</Filter>
    </ClInclude>
    <ClInclude Include="Rendering\RenderSavedResource.h">
      <Filter>rendering\data objects</Filter>
    </ClInclude>
    <ClInclude Include="RenderAction.h">
      <Filter>rendering\data objects</Filter>
    </ClInclude>
    <ClInclude Include="Rendering\GuiRendBlob.h">
      <Filter>rendering\data objects</Filter>
    </ClInclude>
    <ClInclude Include="Rendering\TextureArray.h">
      <Filter>rendering\textures</Filter>
    </ClInclude>
    <ClInclude Include="Rendering\ManagedTexture.h">
      <Filter>rendering\textures</Filter>
    </ClInclude>
    <ClInclude Include="Rendering\TextureManager.h">
      <Filter>rendering\textures</Filter>
    </ClInclude>
    <ClInclude Include="Rendering\TexturePointer.h">
      <Filter>rendering\textures</Filter>
    </ClInclude>
    <ClInclude Include="TextureGenerator.h">
      <Filter>rendering\textures</Filter>
    </ClInclude>
    <ClInclude Include="BaseTickable.h">
      <Filter>objects\bases</Filter>
    </ClInclude>
    <ClInclude Include="BaseInitializable.h">
      <Filter>objects\bases</Filter>
    </ClInclude>
    <ClInclude Include="BaseObject.h">
      <Filter>objects\bases</Filter>
    </ClInclude>
    <ClInclude Include="BasePositionable.h">
      <Filter>objects\bases</Filter>
    </ClInclude>
    <ClInclude Include="BaseRenderable.h">
      <Filter>objects\bases</Filter>
    </ClInclude>
    <ClInclude Include="SmoothedPosition.h">
      <Filter>objects\ncomponents</Filter>
    </ClInclude>
    <ClInclude Include="KeyPressManager.h">
      <Filter>core\managers</Filter>
    </ClInclude>
    <ClInclude Include="ObjectManager.h">
      <Filter>core\managers</Filter>
    </ClInclude>
    <ClInclude Include="IDFactory.h">
      <Filter>core\helpers</Filter>
    </ClInclude>
    <ClInclude Include="Logger.h">
      <Filter>core\helpers</Filter>
    </ClInclude>
    <ClInclude Include="MultiFlag.h">
      <Filter>core\helpers</Filter>
    </ClInclude>
    <ClInclude Include="NamedVars.h">
      <Filter>core\helpers</Filter>
    </ClInclude>
    <ClInclude Include="Types.h">
      <Filter>core\helpers</Filter>
    </ClInclude>
    <ClInclude Include="MD5Generator.h">
      <Filter>utility</Filter>
    </ClInclude>
    <ClInclude Include="ObjectFileProcessor.h">
      <Filter>utility\ObjectFiles</Filter>
    </ClInclude>
    <ClInclude Include="ObjectFileList.h">
      <Filter>utility\ObjectFiles</Filter>
    </ClInclude>
    <ClInclude Include="ObjectFileObject.h">
      <Filter>utility\ObjectFiles</Filter>
    </ClInclude>
    <ClInclude Include="ResolutionScaling.h">
      <Filter>utility</Filter>
    </ClInclude>
    <ClInclude Include="Random.h">
      <Filter>utility</Filter>
    </ClInclude>
    <ClInclude Include="AutoUpdateable.h">
      <Filter>application</Filter>
    </ClInclude>
    <ClInclude Include="TimingMonitor.h">
      <Filter>core\statistics</Filter>
    </ClInclude>
    <ClInclude Include="RenderingStatistics.h">
      <Filter>core\statistics</Filter>
    </ClInclude>
    <ClInclude Include="ObjectFileTextBlock.h">
      <Filter>utility\ObjectFiles</Filter>
    </ClInclude>
    <ClInclude Include="ObjectLoader.h">
      <Filter>core\Loading</Filter>
    </ClInclude>
    <ClInclude Include="GeometryAdvancedLoader.h">
      <Filter>core\Loading</Filter>
    </ClInclude>
    <ClInclude Include="BaseScalable.h">
      <Filter>objects\bases</Filter>
    </ClInclude>
    <ClInclude Include="ModelObject.h">
      <Filter>objects\ModelObject</Filter>
    </ClInclude>
    <ClInclude Include="BaseModelDataObject.h">
      <Filter>objects\ModelObject</Filter>
    </ClInclude>
    <ClInclude Include="BumpModelData.h">
      <Filter>objects\ModelObject</Filter>
    </ClInclude>
    <ClInclude Include="NormalModelData.h">
      <Filter>objects\ModelObject</Filter>
    </ClInclude>
    <ClInclude Include="LineTokenizer.h">
      <Filter>utility\ObjectFiles</Filter>
    </ClInclude>
    <ClInclude Include="TriangulateDelaunay.h">
      <Filter>math</Filter>
    </ClInclude>
    <ClInclude Include="RayTracing.h">
      <Filter>math</Filter>
    </ClInclude>
    <ClInclude Include="TextureDefinition.h">
      <Filter>objects\Internal data</Filter>
    </ClInclude>
    <ClInclude Include="Rendering\ShaderDataTypes.h">
      <Filter>rendering\datatypes</Filter>
    </ClInclude>
    <ClInclude Include="Token.h">
      <Filter>core\helpers</Filter>
    </ClInclude>
    <ClInclude Include="Rendering\RenderingPassInfo.h">
      <Filter>rendering</Filter>
    </ClInclude>
    <ClInclude Include="ComplainOnce.h">
      <Filter>core\helpers</Filter>
    </ClInclude>
    <ClInclude Include="Rendering\SkinnedShader.h">
      <Filter>rendering\shaders</Filter>
    </ClInclude>
    <ClInclude Include="SkeletonRig.h">
      <Filter>objects\Skeleton</Filter>
    </ClInclude>
    <ClInclude Include="WstringIterator.h">
      <Filter>utility</Filter>
    </ClInclude>
    <ClInclude Include="ExceptionBase.h">
      <Filter>common\Exceptions</Filter>
    </ClInclude>
    <ClInclude Include="ExceptionNULLPtr.h">
      <Filter>common\Exceptions</Filter>
    </ClInclude>
    <ClInclude Include="IteratorData.h">
      <Filter>utility</Filter>
    </ClInclude>
    <ClInclude Include="OutOfMemoryHandler.h">
      <Filter>core\managers</Filter>
    </ClInclude>
    <ClInclude Include="AnimationMasterBlock.h">
      <Filter>animation</Filter>
    </ClInclude>
    <ClInclude Include="AnimationManager.h">
      <Filter>animation</Filter>
    </ClInclude>
    <ClInclude Include="LoadedAnimation.h">
      <Filter>animation</Filter>
    </ClInclude>
    <ClInclude Include="FileReader.h">
      <Filter>utility</Filter>
    </ClInclude>
    <ClInclude Include="Rendering\RenderingFont.h">
      <Filter>rendering\text</Filter>
    </ClInclude>
    <ClInclude Include="ExceptionInvalidArguement.h">
      <Filter>common\Exceptions</Filter>
    </ClInclude>
    <ClInclude Include="FileReaderSimple.h">
      <Filter>utility</Filter>
    </ClInclude>
    <ClInclude Include="FileReaderBuffer.h">
      <Filter>utility</Filter>
    </ClInclude>
    <ClInclude Include="RSAEncryption.h">
      <Filter>math\Encryption</Filter>
    </ClInclude>
    <ClInclude Include="EuclideanFunctions.h">
      <Filter>math</Filter>
    </ClInclude>
    <ClInclude Include="SkeletonLoadingBone.h">
      <Filter>objects\Skeleton</Filter>
    </ClInclude>
    <ClInclude Include="Ozz\base\containers\deque.h">
      <Filter>Ozz</Filter>
    </ClInclude>
    <ClInclude Include="Ozz\base\containers\intrusive_list.h">
      <Filter>Ozz</Filter>
    </ClInclude>
    <ClInclude Include="Ozz\base\containers\list.h">
      <Filter>Ozz</Filter>
    </ClInclude>
    <ClInclude Include="Ozz\base\containers\map.h">
      <Filter>Ozz</Filter>
    </ClInclude>
    <ClInclude Include="Ozz\base\containers\queue.h">
      <Filter>Ozz</Filter>
    </ClInclude>
    <ClInclude Include="Ozz\base\containers\set.h">
      <Filter>Ozz</Filter>
    </ClInclude>
    <ClInclude Include="Ozz\base\containers\stack.h">
      <Filter>Ozz</Filter>
    </ClInclude>
    <ClInclude Include="Ozz\base\containers\std_allocator.h">
      <Filter>Ozz</Filter>
    </ClInclude>
    <ClInclude Include="Ozz\base\containers\string.h">
      <Filter>Ozz</Filter>
    </ClInclude>
    <ClInclude Include="Ozz\base\containers\vector.h">
      <Filter>Ozz</Filter>
    </ClInclude>
    <ClInclude Include="Ozz\base\endianness.h">
      <Filter>Ozz</Filter>
    </ClInclude>
    <ClInclude Include="Ozz\base\gtest_helper.h">
      <Filter>Ozz</Filter>
    </ClInclude>
    <ClInclude Include="Ozz\base\io\archive.h">
      <Filter>Ozz</Filter>
    </ClInclude>
    <ClInclude Include="Ozz\base\io\archive_maths.h">
      <Filter>Ozz</Filter>
    </ClInclude>
    <ClInclude Include="Ozz\base\io\archive_simd_maths.h">
      <Filter>Ozz</Filter>
    </ClInclude>
    <ClInclude Include="Ozz\base\io\archive_soa_maths.h">
      <Filter>Ozz</Filter>
    </ClInclude>
    <ClInclude Include="Ozz\base\io\archive_traits.h">
      <Filter>Ozz</Filter>
    </ClInclude>
    <ClInclude Include="Ozz\base\io\stream.h">
      <Filter>Ozz</Filter>
    </ClInclude>
    <ClInclude Include="Ozz\base\log.h">
      <Filter>Ozz</Filter>
    </ClInclude>
    <ClInclude Include="Ozz\base\maths\box.h">
      <Filter>Ozz</Filter>
    </ClInclude>
    <ClInclude Include="Ozz\base\maths\gtest_math_helper.h">
      <Filter>Ozz</Filter>
    </ClInclude>
    <ClInclude Include="Ozz\base\maths\internal\simd_math_config.h">
      <Filter>Ozz</Filter>
    </ClInclude>
    <ClInclude Include="Ozz\base\maths\internal\simd_math_ref-inl.h">
      <Filter>Ozz</Filter>
    </ClInclude>
    <ClInclude Include="Ozz\base\maths\internal\simd_math_sse-inl.h">
      <Filter>Ozz</Filter>
    </ClInclude>
    <ClInclude Include="Ozz\base\maths\math_constant.h">
      <Filter>Ozz</Filter>
    </ClInclude>
    <ClInclude Include="Ozz\base\maths\math_ex.h">
      <Filter>Ozz</Filter>
    </ClInclude>
    <ClInclude Include="Ozz\base\maths\quaternion.h">
      <Filter>Ozz</Filter>
    </ClInclude>
    <ClInclude Include="Ozz\base\maths\rect.h">
      <Filter>Ozz</Filter>
    </ClInclude>
    <ClInclude Include="Ozz\base\maths\simd_math.h">
      <Filter>Ozz</Filter>
    </ClInclude>
    <ClInclude Include="Ozz\base\maths\soa_float.h">
      <Filter>Ozz</Filter>
    </ClInclude>
    <ClInclude Include="Ozz\base\maths\soa_float4x4.h">
      <Filter>Ozz</Filter>
    </ClInclude>
    <ClInclude Include="Ozz\base\maths\soa_quaternion.h">
      <Filter>Ozz</Filter>
    </ClInclude>
    <ClInclude Include="Ozz\base\maths\soa_transform.h">
      <Filter>Ozz</Filter>
    </ClInclude>
    <ClInclude Include="Ozz\base\maths\transform.h">
      <Filter>Ozz</Filter>
    </ClInclude>
    <ClInclude Include="Ozz\base\maths\vec_float.h">
      <Filter>Ozz</Filter>
    </ClInclude>
    <ClInclude Include="Ozz\base\memory\allocator.h">
      <Filter>Ozz</Filter>
    </ClInclude>
    <ClInclude Include="Ozz\base\platform.h">
      <Filter>Ozz</Filter>
    </ClInclude>
    <ClInclude Include="Ozz\options\options.h">
      <Filter>Ozz</Filter>
    </ClInclude>
    <ClInclude Include="Ozz\animation\animation.h">
      <Filter>Ozz</Filter>
    </ClInclude>
    <ClInclude Include="Ozz\animation\animation_serialize.h">
      <Filter>Ozz</Filter>
    </ClInclude>
    <ClInclude Include="Ozz\animation\blending_job.h">
      <Filter>Ozz</Filter>
    </ClInclude>
    <ClInclude Include="Ozz\animation\key_frame.h">
      <Filter>Ozz</Filter>
    </ClInclude>
    <ClInclude Include="Ozz\animation\local_to_model_job.h">
      <Filter>Ozz</Filter>
    </ClInclude>
    <ClInclude Include="Ozz\animation\offline\animation_builder.h">
      <Filter>Ozz</Filter>
    </ClInclude>
    <ClInclude Include="Ozz\animation\offline\animation_optimizer.h">
      <Filter>Ozz</Filter>
    </ClInclude>
    <ClInclude Include="Ozz\animation\offline\skeleton_builder.h">
      <Filter>Ozz</Filter>
    </ClInclude>
    <ClInclude Include="Ozz\animation\sampling_job.h">
      <Filter>Ozz</Filter>
    </ClInclude>
    <ClInclude Include="Ozz\animation\skeleton.h">
      <Filter>Ozz</Filter>
    </ClInclude>
    <ClInclude Include="Ozz\animation\skeleton_serialize.h">
      <Filter>Ozz</Filter>
    </ClInclude>
    <ClInclude Include="Ozz\animation\utils.h">
      <Filter>Ozz</Filter>
    </ClInclude>
    <ClInclude Include="tinyxml2\tinyxml2.h">
      <Filter>tinyxml2</Filter>
    </ClInclude>
  </ItemGroup>
  <ItemGroup>
    <None Include="..\ErrorCodes.txt" />
    <None Include="ClassDiagram1.cd" />
  </ItemGroup>
</Project>